{
  "originHash" : "5dffd7f934ebbc260e6ccfbc134b3aa25e875541a925d0dce1fd2845849db83e",
  "pins" : [
    {
      "identity" : "swift-syntax",
      "kind" : "remoteSourceControl",
      "location" : "https://github.com/swiftlang/swift-syntax.git",
      "state" : {
        "revision" : "4799286537280063c85a32f09884cfbca301b1a1",
        "version" : "602.0.0"
      }
    },
    {
      "identity" : "swiftchatcompletionsdsl",
      "kind" : "remoteSourceControl",
      "location" : "https://github.com/RichNasz/SwiftChatCompletionsDSL",
      "state" : {
        "branch" : "main",
        "revision" : "ed6c4fa0159b007bb7a1edd694f6eacfe8b46785"
      }
    },
    {
      "identity" : "swiftchatcompletionsmacros",
      "kind" : "remoteSourceControl",
      "location" : "https://github.com/RichNasz/SwiftChatCompletionsMacros",
      "state" : {
        "branch" : "main",
        "revision" : "de8d209ac7f2092717f83a90b49dd5533cf6d127"
      }
    }
  ],
  "version" : 3
}
