{
  "originHash" : "e1937feabc2d5c5b2c04d1bcc8ac24519fea29edadee6d0664d5a4a98d485b7f",
  "pins" : [
    {
      "identity" : "swift-syntax",
      "kind" : "remoteSourceControl",
      "location" : "https://github.com/swiftlang/swift-syntax.git",
      "state" : {
        "revision" : "4799286537280063c85a32f09884cfbca301b1a1",
        "version" : "602.0.0"
      }
    },
    {
      "identity" : "swiftllmtoolmacros",
      "kind" : "remoteSourceControl",
      "location" : "https://github.com/RichNasz/SwiftLLMToolMacros",
      "state" : {
        "branch" : "main",
        "revision" : "9fa3127ec5f1ee5163e451e09b48ae09d7c25fb6"
      }
    },
    {
      "identity" : "swiftopenresponsesdsl",
      "kind" : "remoteSourceControl",
      "location" : "https://github.com/RichNasz/SwiftOpenResponsesDSL",
      "state" : {
        "branch" : "main",
        "revision" : "303e80b513d54c43260c293a425600713d500e2b"
      }
    }
  ],
  "version" : 3
}
